// !$*UTF8*$!
{
	archiveVersion = 1;
	classes = {
	};
	objectVersion = 50;
	objects = {

/* Begin PBXBuildFile section */
		1857F1F225EDAEBD00235C60 /* AppDelegate.swift in Sources */ = {isa = PBXBuildFile; fileRef = 1857F1F125EDAEBD00235C60 /* AppDelegate.swift */; };
		1857F1F425EDAEBD00235C60 /* SceneDelegate.swift in Sources */ = {isa = PBXBuildFile; fileRef = 1857F1F325EDAEBD00235C60 /* SceneDelegate.swift */; };
		1857F1F625EDAEBD00235C60 /* ViewController.swift in Sources */ = {isa = PBXBuildFile; fileRef = 1857F1F525EDAEBD00235C60 /* ViewController.swift */; };
		1857F1F925EDAEBD00235C60 /* Main.storyboard in Resources */ = {isa = PBXBuildFile; fileRef = 1857F1F725EDAEBD00235C60 /* Main.storyboard */; };
		1857F1FB25EDAEBE00235C60 /* Assets.xcassets in Resources */ = {isa = PBXBuildFile; fileRef = 1857F1FA25EDAEBE00235C60 /* Assets.xcassets */; };
		1857F1FE25EDAEBE00235C60 /* LaunchScreen.storyboard in Resources */ = {isa = PBXBuildFile; fileRef = 1857F1FC25EDAEBE00235C60 /* LaunchScreen.storyboard */; };
		1857F20925EDAEBE00235C60 /* PhotoAppTests.swift in Sources */ = {isa = PBXBuildFile; fileRef = 1857F20825EDAEBE00235C60 /* PhotoAppTests.swift */; };
		1857F21425EDAEBE00235C60 /* PhotoAppUITests.swift in Sources */ = {isa = PBXBuildFile; fileRef = 1857F21325EDAEBE00235C60 /* PhotoAppUITests.swift */; };
/* End PBXBuildFile section */

/* Begin PBXContainerItemProxy section */
		1857F20525EDAEBE00235C60 /* PBXContainerItemProxy */ = {
			isa = PBXContainerItemProxy;
			containerPortal = 1857F1E625EDAEBD00235C60 /* Project object */;
			proxyType = 1;
			remoteGlobalIDString = 1857F1ED25EDAEBD00235C60;
			remoteInfo = PhotoApp;
		};
		1857F21025EDAEBE00235C60 /* PBXContainerItemProxy */ = {
			isa = PBXContainerItemProxy;
			containerPortal = 1857F1E625EDAEBD00235C60 /* Project object */;
			proxyType = 1;
			remoteGlobalIDString = 1857F1ED25EDAEBD00235C60;
			remoteInfo = PhotoApp;
		};
/* End PBXContainerItemProxy section */

/* Begin PBXFileReference section */
		1857F1EE25EDAEBD00235C60 /* PhotoApp.app */ = {isa = PBXFileReference; explicitFileType = wrapper.application; includeInIndex = 0; path = PhotoApp.app; sourceTree = BUILT_PRODUCTS_DIR; };
		1857F1F125EDAEBD00235C60 /* AppDelegate.swift */ = {isa = PBXFileReference; lastKnownFileType = sourcecode.swift; path = AppDelegate.swift; sourceTree = "<group>"; };
		1857F1F325EDAEBD00235C60 /* SceneDelegate.swift */ = {isa = PBXFileReference; lastKnownFileType = sourcecode.swift; path = SceneDelegate.swift; sourceTree = "<group>"; };
		1857F1F525EDAEBD00235C60 /* ViewController.swift */ = {isa = PBXFileReference; lastKnownFileType = sourcecode.swift; path = ViewController.swift; sourceTree = "<group>"; };
		1857F1F825EDAEBD00235C60 /* Base */ = {isa = PBXFileReference; lastKnownFileType = file.storyboard; name = Base; path = Base.lproj/Main.storyboard; sourceTree = "<group>"; };
		1857F1FA25EDAEBE00235C60 /* Assets.xcassets */ = {isa = PBXFileReference; lastKnownFileType = folder.assetcatalog; path = Assets.xcassets; sourceTree = "<group>"; };
		1857F1FD25EDAEBE00235C60 /* Base */ = {isa = PBXFileReference; lastKnownFileType = file.storyboard; name = Base; path = Base.lproj/LaunchScreen.storyboard; sourceTree = "<group>"; };
		1857F1FF25EDAEBE00235C60 /* Info.plist */ = {isa = PBXFileReference; lastKnownFileType = text.plist.xml; path = Info.plist; sourceTree = "<group>"; };
		1857F20425EDAEBE00235C60 /* PhotoAppTests.xctest */ = {isa = PBXFileReference; explicitFileType = wrapper.cfbundle; includeInIndex = 0; path = PhotoAppTests.xctest; sourceTree = BUILT_PRODUCTS_DIR; };
		1857F20825EDAEBE00235C60 /* PhotoAppTests.swift */ = {isa = PBXFileReference; lastKnownFileType = sourcecode.swift; path = PhotoAppTests.swift; sourceTree = "<group>"; };
		1857F20A25EDAEBE00235C60 /* Info.plist */ = {isa = PBXFileReference; lastKnownFileType = text.plist.xml; path = Info.plist; sourceTree = "<group>"; };
		1857F20F25EDAEBE00235C60 /* PhotoAppUITests.xctest */ = {isa = PBXFileReference; explicitFileType = wrapper.cfbundle; includeInIndex = 0; path = PhotoAppUITests.xctest; sourceTree = BUILT_PRODUCTS_DIR; };
		1857F21325EDAEBE00235C60 /* PhotoAppUITests.swift */ = {isa = PBXFileReference; lastKnownFileType = sourcecode.swift; path = PhotoAppUITests.swift; sourceTree = "<group>"; };
		1857F21525EDAEBE00235C60 /* Info.plist */ = {isa = PBXFileReference; lastKnownFileType = text.plist.xml; path = Info.plist; sourceTree = "<group>"; };
/* End PBXFileReference section */

/* Begin PBXFrameworksBuildPhase section */
		1857F1EB25EDAEBD00235C60 /* Frameworks */ = {
			isa = PBXFrameworksBuildPhase;
			buildActionMask = 2147483647;
			files = (
			);
			runOnlyForDeploymentPostprocessing = 0;
		};
		1857F20125EDAEBE00235C60 /* Frameworks */ = {
			isa = PBXFrameworksBuildPhase;
			buildActionMask = 2147483647;
			files = (
			);
			runOnlyForDeploymentPostprocessing = 0;
		};
		1857F20C25EDAEBE00235C60 /* Frameworks */ = {
			isa = PBXFrameworksBuildPhase;
			buildActionMask = 2147483647;
			files = (
			);
			runOnlyForDeploymentPostprocessing = 0;
		};
/* End PBXFrameworksBuildPhase section */

/* Begin PBXGroup section */
		1857F1E525EDAEBD00235C60 = {
			isa = PBXGroup;
			children = (
				1857F1F025EDAEBD00235C60 /* PhotoApp */,
				1857F20725EDAEBE00235C60 /* PhotoAppTests */,
				1857F21225EDAEBE00235C60 /* PhotoAppUITests */,
				1857F1EF25EDAEBD00235C60 /* Products */,
			);
			sourceTree = "<group>";
		};
		1857F1EF25EDAEBD00235C60 /* Products */ = {
			isa = PBXGroup;
			children = (
				1857F1EE25EDAEBD00235C60 /* PhotoApp.app */,
				1857F20425EDAEBE00235C60 /* PhotoAppTests.xctest */,
				1857F20F25EDAEBE00235C60 /* PhotoAppUITests.xctest */,
			);
			name = Products;
			sourceTree = "<group>";
		};
		1857F1F025EDAEBD00235C60 /* PhotoApp */ = {
			isa = PBXGroup;
			children = (
				1857F1F125EDAEBD00235C60 /* AppDelegate.swift */,
				1857F1F325EDAEBD00235C60 /* SceneDelegate.swift */,
				1857F1F525EDAEBD00235C60 /* ViewController.swift */,
				1857F1F725EDAEBD00235C60 /* Main.storyboard */,
				1857F1FA25EDAEBE00235C60 /* Assets.xcassets */,
				1857F1FC25EDAEBE00235C60 /* LaunchScreen.storyboard */,
				1857F1FF25EDAEBE00235C60 /* Info.plist */,
			);
			path = PhotoApp;
			sourceTree = "<group>";
		};
		1857F20725EDAEBE00235C60 /* PhotoAppTests */ = {
			isa = PBXGroup;
			children = (
				1857F20825EDAEBE00235C60 /* PhotoAppTests.swift */,
				1857F20A25EDAEBE00235C60 /* Info.plist */,
			);
			path = PhotoAppTests;
			sourceTree = "<group>";
		};
		1857F21225EDAEBE00235C60 /* PhotoAppUITests */ = {
			isa = PBXGroup;
			children = (
				1857F21325EDAEBE00235C60 /* PhotoAppUITests.swift */,
				1857F21525EDAEBE00235C60 /* Info.plist */,
			);
			path = PhotoAppUITests;
			sourceTree = "<group>";
		};
/* End PBXGroup section */

/* Begin PBXNativeTarget section */
		1857F1ED25EDAEBD00235C60 /* PhotoApp */ = {
			isa = PBXNativeTarget;
			buildConfigurationList = 1857F21825EDAEBE00235C60 /* Build configuration list for PBXNativeTarget "PhotoApp" */;
			buildPhases = (
				1857F1EA25EDAEBD00235C60 /* Sources */,
				1857F1EB25EDAEBD00235C60 /* Frameworks */,
				1857F1EC25EDAEBD00235C60 /* Resources */,
			);
			buildRules = (
			);
			dependencies = (
			);
			name = PhotoApp;
			productName = PhotoApp;
			productReference = 1857F1EE25EDAEBD00235C60 /* PhotoApp.app */;
			productType = "com.apple.product-type.application";
		};
		1857F20325EDAEBE00235C60 /* PhotoAppTests */ = {
			isa = PBXNativeTarget;
			buildConfigurationList = 1857F21B25EDAEBE00235C60 /* Build configuration list for PBXNativeTarget "PhotoAppTests" */;
			buildPhases = (
				1857F20025EDAEBE00235C60 /* Sources */,
				1857F20125EDAEBE00235C60 /* Frameworks */,
				1857F20225EDAEBE00235C60 /* Resources */,
			);
			buildRules = (
			);
			dependencies = (
				1857F20625EDAEBE00235C60 /* PBXTargetDependency */,
			);
			name = PhotoAppTests;
			productName = PhotoAppTests;
			productReference = 1857F20425EDAEBE00235C60 /* PhotoAppTests.xctest */;
			productType = "com.apple.product-type.bundle.unit-test";
		};
		1857F20E25EDAEBE00235C60 /* PhotoAppUITests */ = {
			isa = PBXNativeTarget;
			buildConfigurationList = 1857F21E25EDAEBE00235C60 /* Build configuration list for PBXNativeTarget "PhotoAppUITests" */;
			buildPhases = (
				1857F20B25EDAEBE00235C60 /* Sources */,
				1857F20C25EDAEBE00235C60 /* Frameworks */,
				1857F20D25EDAEBE00235C60 /* Resources */,
			);
			buildRules = (
			);
			dependencies = (
				1857F21125EDAEBE00235C60 /* PBXTargetDependency */,
			);
			name = PhotoAppUITests;
			productName = PhotoAppUITests;
			productReference = 1857F20F25EDAEBE00235C60 /* PhotoAppUITests.xctest */;
			productType = "com.apple.product-type.bundle.ui-testing";
		};
/* End PBXNativeTarget section */

/* Begin PBXProject section */
		1857F1E625EDAEBD00235C60 /* Project object */ = {
			isa = PBXProject;
			attributes = {
				LastSwiftUpdateCheck = 1240;
				LastUpgradeCheck = 1240;
				TargetAttributes = {
					1857F1ED25EDAEBD00235C60 = {
						CreatedOnToolsVersion = 12.4;
					};
					1857F20325EDAEBE00235C60 = {
						CreatedOnToolsVersion = 12.4;
						TestTargetID = 1857F1ED25EDAEBD00235C60;
					};
					1857F20E25EDAEBE00235C60 = {
						CreatedOnToolsVersion = 12.4;
						TestTargetID = 1857F1ED25EDAEBD00235C60;
					};
				};
			};
			buildConfigurationList = 1857F1E925EDAEBD00235C60 /* Build configuration list for PBXProject "PhotoApp" */;
			compatibilityVersion = "Xcode 9.3";
			developmentRegion = en;
			hasScannedForEncodings = 0;
			knownRegions = (
				en,
				Base,
			);
			mainGroup = 1857F1E525EDAEBD00235C60;
			productRefGroup = 1857F1EF25EDAEBD00235C60 /* Products */;
			projectDirPath = "";
			projectRoot = "";
			targets = (
				1857F1ED25EDAEBD00235C60 /* PhotoApp */,
				1857F20325EDAEBE00235C60 /* PhotoAppTests */,
				1857F20E25EDAEBE00235C60 /* PhotoAppUITests */,
			);
		};
/* End PBXProject section */

/* Begin PBXResourcesBuildPhase section */
		1857F1EC25EDAEBD00235C60 /* Resources */ = {
			isa = PBXResourcesBuildPhase;
			buildActionMask = 2147483647;
			files = (
				1857F1FE25EDAEBE00235C60 /* LaunchScreen.storyboard in Resources */,
				1857F1FB25EDAEBE00235C60 /* Assets.xcassets in Resources */,
				1857F1F925EDAEBD00235C60 /* Main.storyboard in Resources */,
			);
			runOnlyForDeploymentPostprocessing = 0;
		};
		1857F20225EDAEBE00235C60 /* Resources */ = {
			isa = PBXResourcesBuildPhase;
			buildActionMask = 2147483647;
			files = (
			);
			runOnlyForDeploymentPostprocessing = 0;
		};
		1857F20D25EDAEBE00235C60 /* Resources */ = {
			isa = PBXResourcesBuildPhase;
			buildActionMask = 2147483647;
			files = (
			);
			runOnlyForDeploymentPostprocessing = 0;
		};
/* End PBXResourcesBuildPhase section */

/* Begin PBXSourcesBuildPhase section */
		1857F1EA25EDAEBD00235C60 /* Sources */ = {
			isa = PBXSourcesBuildPhase;
			buildActionMask = 2147483647;
			files = (
				1857F1F625EDAEBD00235C60 /* ViewController.swift in Sources */,
				1857F1F225EDAEBD00235C60 /* AppDelegate.swift in Sources */,
				1857F1F425EDAEBD00235C60 /* SceneDelegate.swift in Sources */,
			);
			runOnlyForDeploymentPostprocessing = 0;
		};
		1857F20025EDAEBE00235C60 /* Sources */ = {
			isa = PBXSourcesBuildPhase;
			buildActionMask = 2147483647;
			files = (
				1857F20925EDAEBE00235C60 /* PhotoAppTests.swift in Sources */,
			);
			runOnlyForDeploymentPostprocessing = 0;
		};
		1857F20B25EDAEBE00235C60 /* Sources */ = {
			isa = PBXSourcesBuildPhase;
			buildActionMask = 2147483647;
			files = (
				1857F21425EDAEBE00235C60 /* PhotoAppUITests.swift in Sources */,
			);
			runOnlyForDeploymentPostprocessing = 0;
		};
/* End PBXSourcesBuildPhase section */

/* Begin PBXTargetDependency section */
		1857F20625EDAEBE00235C60 /* PBXTargetDependency */ = {
			isa = PBXTargetDependency;
			target = 1857F1ED25EDAEBD00235C60 /* PhotoApp */;
			targetProxy = 1857F20525EDAEBE00235C60 /* PBXContainerItemProxy */;
		};
		1857F21125EDAEBE00235C60 /* PBXTargetDependency */ = {
			isa = PBXTargetDependency;
			target = 1857F1ED25EDAEBD00235C60 /* PhotoApp */;
			targetProxy = 1857F21025EDAEBE00235C60 /* PBXContainerItemProxy */;
		};
/* End PBXTargetDependency section */

/* Begin PBXVariantGroup section */
		1857F1F725EDAEBD00235C60 /* Main.storyboard */ = {
			isa = PBXVariantGroup;
			children = (
				1857F1F825EDAEBD00235C60 /* Base */,
			);
			name = Main.storyboard;
			sourceTree = "<group>";
		};
		1857F1FC25EDAEBE00235C60 /* LaunchScreen.storyboard */ = {
			isa = PBXVariantGroup;
			children = (
				1857F1FD25EDAEBE00235C60 /* Base */,
			);
			name = LaunchScreen.storyboard;
			sourceTree = "<group>";
		};
/* End PBXVariantGroup section */

/* Begin XCBuildConfiguration section */
		1857F21625EDAEBE00235C60 /* Debug */ = {
			isa = XCBuildConfiguration;
			buildSettings = {
				ALWAYS_SEARCH_USER_PATHS = NO;
				CLANG_ANALYZER_NONNULL = YES;
				CLANG_ANALYZER_NUMBER_OBJECT_CONVERSION = YES_AGGRESSIVE;
				CLANG_CXX_LANGUAGE_STANDARD = "gnu++14";
				CLANG_CXX_LIBRARY = "libc++";
				CLANG_ENABLE_MODULES = YES;
				CLANG_ENABLE_OBJC_ARC = YES;
				CLANG_ENABLE_OBJC_WEAK = YES;
				CLANG_WARN_BLOCK_CAPTURE_AUTORELEASING = YES;
				CLANG_WARN_BOOL_CONVERSION = YES;
				CLANG_WARN_COMMA = YES;
				CLANG_WARN_CONSTANT_CONVERSION = YES;
				CLANG_WARN_DEPRECATED_OBJC_IMPLEMENTATIONS = YES;
				CLANG_WARN_DIRECT_OBJC_ISA_USAGE = YES_ERROR;
				CLANG_WARN_DOCUMENTATION_COMMENTS = YES;
				CLANG_WARN_EMPTY_BODY = YES;
				CLANG_WARN_ENUM_CONVERSION = YES;
				CLANG_WARN_INFINITE_RECURSION = YES;
				CLANG_WARN_INT_CONVERSION = YES;
				CLANG_WARN_NON_LITERAL_NULL_CONVERSION = YES;
				CLANG_WARN_OBJC_IMPLICIT_RETAIN_SELF = YES;
				CLANG_WARN_OBJC_LITERAL_CONVERSION = YES;
				CLANG_WARN_OBJC_ROOT_CLASS = YES_ERROR;
				CLANG_WARN_QUOTED_INCLUDE_IN_FRAMEWORK_HEADER = YES;
				CLANG_WARN_RANGE_LOOP_ANALYSIS = YES;
				CLANG_WARN_STRICT_PROTOTYPES = YES;
				CLANG_WARN_SUSPICIOUS_MOVE = YES;
				CLANG_WARN_UNGUARDED_AVAILABILITY = YES_AGGRESSIVE;
				CLANG_WARN_UNREACHABLE_CODE = YES;
				CLANG_WARN__DUPLICATE_METHOD_MATCH = YES;
				COPY_PHASE_STRIP = NO;
				DEBUG_INFORMATION_FORMAT = dwarf;
				ENABLE_STRICT_OBJC_MSGSEND = YES;
				ENABLE_TESTABILITY = YES;
				GCC_C_LANGUAGE_STANDARD = gnu11;
				GCC_DYNAMIC_NO_PIC = NO;
				GCC_NO_COMMON_BLOCKS = YES;
				GCC_OPTIMIZATION_LEVEL = 0;
				GCC_PREPROCESSOR_DEFINITIONS = (
					"DEBUG=1",
					"$(inherited)",
				);
				GCC_WARN_64_TO_32_BIT_CONVERSION = YES;
				GCC_WARN_ABOUT_RETURN_TYPE = YES_ERROR;
				GCC_WARN_UNDECLARED_SELECTOR = YES;
				GCC_WARN_UNINITIALIZED_AUTOS = YES_AGGRESSIVE;
				GCC_WARN_UNUSED_FUNCTION = YES;
				GCC_WARN_UNUSED_VARIABLE = YES;
				IPHONEOS_DEPLOYMENT_TARGET = 14.4;
				MTL_ENABLE_DEBUG_INFO = INCLUDE_SOURCE;
				MTL_FAST_MATH = YES;
				ONLY_ACTIVE_ARCH = YES;
				SDKROOT = iphoneos;
				SWIFT_ACTIVE_COMPILATION_CONDITIONS = DEBUG;
				SWIFT_OPTIMIZATION_LEVEL = "-Onone";
			};
			name = Debug;
		};
		1857F21725EDAEBE00235C60 /* Release */ = {
			isa = XCBuildConfiguration;
			buildSettings = {
				ALWAYS_SEARCH_USER_PATHS = NO;
				CLANG_ANALYZER_NONNULL = YES;
				CLANG_ANALYZER_NUMBER_OBJECT_CONVERSION = YES_AGGRESSIVE;
				CLANG_CXX_LANGUAGE_STANDARD = "gnu++14";
				CLANG_CXX_LIBRARY = "libc++";
				CLANG_ENABLE_MODULES = YES;
				CLANG_ENABLE_OBJC_ARC = YES;
				CLANG_ENABLE_OBJC_WEAK = YES;
				CLANG_WARN_BLOCK_CAPTURE_AUTORELEASING = YES;
				CLANG_WARN_BOOL_CONVERSION = YES;
				CLANG_WARN_COMMA = YES;
				CLANG_WARN_CONSTANT_CONVERSION = YES;
				CLANG_WARN_DEPRECATED_OBJC_IMPLEMENTATIONS = YES;
				CLANG_WARN_DIRECT_OBJC_ISA_USAGE = YES_ERROR;
				CLANG_WARN_DOCUMENTATION_COMMENTS = YES;
				CLANG_WARN_EMPTY_BODY = YES;
				CLANG_WARN_ENUM_CONVERSION = YES;
				CLANG_WARN_INFINITE_RECURSION = YES;
				CLANG_WARN_INT_CONVERSION = YES;
				CLANG_WARN_NON_LITERAL_NULL_CONVERSION = YES;
				CLANG_WARN_OBJC_IMPLICIT_RETAIN_SELF = YES;
				CLANG_WARN_OBJC_LITERAL_CONVERSION = YES;
				CLANG_WARN_OBJC_ROOT_CLASS = YES_ERROR;
				CLANG_WARN_QUOTED_INCLUDE_IN_FRAMEWORK_HEADER = YES;
				CLANG_WARN_RANGE_LOOP_ANALYSIS = YES;
				CLANG_WARN_STRICT_PROTOTYPES = YES;
				CLANG_WARN_SUSPICIOUS_MOVE = YES;
				CLANG_WARN_UNGUARDED_AVAILABILITY = YES_AGGRESSIVE;
				CLANG_WARN_UNREACHABLE_CODE = YES;
				CLANG_WARN__DUPLICATE_METHOD_MATCH = YES;
				COPY_PHASE_STRIP = NO;
				DEBUG_INFORMATION_FORMAT = "dwarf-with-dsym";
				ENABLE_NS_ASSERTIONS = NO;
				ENABLE_STRICT_OBJC_MSGSEND = YES;
				GCC_C_LANGUAGE_STANDARD = gnu11;
				GCC_NO_COMMON_BLOCKS = YES;
				GCC_WARN_64_TO_32_BIT_CONVERSION = YES;
				GCC_WARN_ABOUT_RETURN_TYPE = YES_ERROR;
				GCC_WARN_UNDECLARED_SELECTOR = YES;
				GCC_WARN_UNINITIALIZED_AUTOS = YES_AGGRESSIVE;
				GCC_WARN_UNUSED_FUNCTION = YES;
				GCC_WARN_UNUSED_VARIABLE = YES;
				IPHONEOS_DEPLOYMENT_TARGET = 14.4;
				MTL_ENABLE_DEBUG_INFO = NO;
				MTL_FAST_MATH = YES;
				SDKROOT = iphoneos;
				SWIFT_COMPILATION_MODE = wholemodule;
				SWIFT_OPTIMIZATION_LEVEL = "-O";
				VALIDATE_PRODUCT = YES;
			};
			name = Release;
		};
		1857F21925EDAEBE00235C60 /* Debug */ = {
			isa = XCBuildConfiguration;
			buildSettings = {
				ASSETCATALOG_COMPILER_APPICON_NAME = AppIcon;
				ASSETCATALOG_COMPILER_GLOBAL_ACCENT_COLOR_NAME = AccentColor;
				CODE_SIGN_STYLE = Automatic;
				DEVELOPMENT_TEAM = BJFSMC5J9X;
				INFOPLIST_FILE = PhotoApp/Info.plist;
				LD_RUNPATH_SEARCH_PATHS = (
					"$(inherited)",
					"@executable_path/Frameworks",
				);
				PRODUCT_BUNDLE_IDENTIFIER = br.com.thonatas.PhotoApp;
				PRODUCT_NAME = "$(TARGET_NAME)";
				SWIFT_VERSION = 5.0;
				TARGETED_DEVICE_FAMILY = "1,2";
			};
			name = Debug;
		};
		1857F21A25EDAEBE00235C60 /* Release */ = {
			isa = XCBuildConfiguration;
			buildSettings = {
				ASSETCATALOG_COMPILER_APPICON_NAME = AppIcon;
				ASSETCATALOG_COMPILER_GLOBAL_ACCENT_COLOR_NAME = AccentColor;
				CODE_SIGN_STYLE = Automatic;
				DEVELOPMENT_TEAM = BJFSMC5J9X;
				INFOPLIST_FILE = PhotoApp/Info.plist;
				LD_RUNPATH_SEARCH_PATHS = (
					"$(inherited)",
					"@executable_path/Frameworks",
				);
				PRODUCT_BUNDLE_IDENTIFIER = br.com.thonatas.PhotoApp;
				PRODUCT_NAME = "$(TARGET_NAME)";
				SWIFT_VERSION = 5.0;
				TARGETED_DEVICE_FAMILY = "1,2";
			};
			name = Release;
		};
		1857F21C25EDAEBE00235C60 /* Debug */ = {
			isa = XCBuildConfiguration;
			buildSettings = {
				ALWAYS_EMBED_SWIFT_STANDARD_LIBRARIES = YES;
				BUNDLE_LOADER = "$(TEST_HOST)";
				CODE_SIGN_STYLE = Automatic;
				DEVELOPMENT_TEAM = BJFSMC5J9X;
				INFOPLIST_FILE = PhotoAppTests/Info.plist;
				IPHONEOS_DEPLOYMENT_TARGET = 14.4;
				LD_RUNPATH_SEARCH_PATHS = (
					"$(inherited)",
					"@executable_path/Frameworks",
					"@loader_path/Frameworks",
				);
				PRODUCT_BUNDLE_IDENTIFIER = br.com.thonatas.PhotoAppTests;
				PRODUCT_NAME = "$(TARGET_NAME)";
				SWIFT_VERSION = 5.0;
				TARGETED_DEVICE_FAMILY = "1,2";
				TEST_HOST = "$(BUILT_PRODUCTS_DIR)/PhotoApp.app/PhotoApp";
			};
			name = Debug;
		};
		1857F21D25EDAEBE00235C60 /* Release */ = {
			isa = XCBuildConfiguration;
			buildSettings = {
				ALWAYS_EMBED_SWIFT_STANDARD_LIBRARIES = YES;
				BUNDLE_LOADER = "$(TEST_HOST)";
				CODE_SIGN_STYLE = Automatic;
				DEVELOPMENT_TEAM = BJFSMC5J9X;
				INFOPLIST_FILE = PhotoAppTests/Info.plist;
				IPHONEOS_DEPLOYMENT_TARGET = 14.4;
				LD_RUNPATH_SEARCH_PATHS = (
					"$(inherited)",
					"@executable_path/Frameworks",
					"@loader_path/Frameworks",
				);
				PRODUCT_BUNDLE_IDENTIFIER = br.com.thonatas.PhotoAppTests;
				PRODUCT_NAME = "$(TARGET_NAME)";
				SWIFT_VERSION = 5.0;
				TARGETED_DEVICE_FAMILY = "1,2";
				TEST_HOST = "$(BUILT_PRODUCTS_DIR)/PhotoApp.app/PhotoApp";
			};
			name = Release;
		};
		1857F21F25EDAEBE00235C60 /* Debug */ = {
			isa = XCBuildConfiguration;
			buildSettings = {
				ALWAYS_EMBED_SWIFT_STANDARD_LIBRARIES = YES;
				CODE_SIGN_STYLE = Automatic;
				DEVELOPMENT_TEAM = BJFSMC5J9X;
				INFOPLIST_FILE = PhotoAppUITests/Info.plist;
				LD_RUNPATH_SEARCH_PATHS = (
					"$(inherited)",
					"@executable_path/Frameworks",
					"@loader_path/Frameworks",
				);
				PRODUCT_BUNDLE_IDENTIFIER = br.com.thonatas.PhotoAppUITests;
				PRODUCT_NAME = "$(TARGET_NAME)";
				SWIFT_VERSION = 5.0;
				TARGETED_DEVICE_FAMILY = "1,2";
				TEST_TARGET_NAME = PhotoApp;
			};
			name = Debug;
		};
		1857F22025EDAEBE00235C60 /* Release */ = {
			isa = XCBuildConfiguration;
			buildSettings = {
				ALWAYS_EMBED_SWIFT_STANDARD_LIBRARIES = YES;
				CODE_SIGN_STYLE = Automatic;
				DEVELOPMENT_TEAM = BJFSMC5J9X;
				INFOPLIST_FILE = PhotoAppUITests/Info.plist;
				LD_RUNPATH_SEARCH_PATHS = (
					"$(inherited)",
					"@executable_path/Frameworks",
					"@loader_path/Frameworks",
				);
				PRODUCT_BUNDLE_IDENTIFIER = br.com.thonatas.PhotoAppUITests;
				PRODUCT_NAME = "$(TARGET_NAME)";
				SWIFT_VERSION = 5.0;
				TARGETED_DEVICE_FAMILY = "1,2";
				TEST_TARGET_NAME = PhotoApp;
			};
			name = Release;
		};
/* End XCBuildConfiguration section */

/* Begin XCConfigurationList section */
		1857F1E925EDAEBD00235C60 /* Build configuration list for PBXProject "PhotoApp" */ = {
			isa = XCConfigurationList;
			buildConfigurations = (
				1857F21625EDAEBE00235C60 /* Debug */,
				1857F21725EDAEBE00235C60 /* Release */,
			);
			defaultConfigurationIsVisible = 0;
			defaultConfigurationName = Release;
		};
		1857F21825EDAEBE00235C60 /* Build configuration list for PBXNativeTarget "PhotoApp" */ = {
			isa = XCConfigurationList;
			buildConfigurations = (
				1857F21925EDAEBE00235C60 /* Debug */,
				1857F21A25EDAEBE00235C60 /* Release */,
			);
			defaultConfigurationIsVisible = 0;
			defaultConfigurationName = Release;
		};
		1857F21B25EDAEBE00235C60 /* Build configuration list for PBXNativeTarget "PhotoAppTests" */ = {
			isa = XCConfigurationList;
			buildConfigurations = (
				1857F21C25EDAEBE00235C60 /* Debug */,
				1857F21D25EDAEBE00235C60 /* Release */,
			);
			defaultConfigurationIsVisible = 0;
			defaultConfigurationName = Release;
		};
		1857F21E25EDAEBE00235C60 /* Build configuration list for PBXNativeTarget "PhotoAppUITests" */ = {
			isa = XCConfigurationList;
			buildConfigurations = (
				1857F21F25EDAEBE00235C60 /* Debug */,
				1857F22025EDAEBE00235C60 /* Release */,
			);
			defaultConfigurationIsVisible = 0;
			defaultConfigurationName = Release;
		};
/* End XCConfigurationList section */
	};
	rootObject = 1857F1E625EDAEBD00235C60 /* Project object */;
}
